github.com/12end/fasthttp v0.0.0-20230427071457-646400e30865 h1:IomxOkr08/G26QzQovhx1BmhJOHycQdVsl5WLalKaQE=
github.com/12end/fasthttp v0.0.0-20230427071457-646400e30865/go.mod h1:Yrcvin5qM7dee6ewwGj7TbUMJu3KlQ8HPkZ3JY9ETNs=
github.com/12end/tls v0.0.0-20230329031950-bbfc948c6240 h1:mivquZGj6e4m3ZQjYEnp16Hs+O+fC9F1uAyl2IQw+zI=
github.com/12end/tls v0.0.0-20230329031950-bbfc948c6240/go.mod h1:Atb/DLHlYWKw3JSQUNiXSAHlQbqPt/gtSrav/49Rwug=
github.com/andybalholm/brotli v1.0.5 h1:8uQZIdzKmjc/iuPu7O2ioW48L81FgatrcpfFmiq/cCs=
github.com/andybalholm/brotli v1.0.5/go.mod h1:fO7iG3H7G2nSZ7m0zPUDn85XEX2GTukHGRSepvi9Eig=
github.com/klauspost/compress v1.16.3 h1:XuJt9zzcnaz6a16/OU53ZjWp/v7/42WcR5t2a0PcNQY=
github.com/klauspost/compress v1.16.3/go.mod h1:ntbaceVETuRiXiv4DpjP66DpAtAGkEQskQzEyD//IeE=
github.com/valyala/bytebufferpool v1.0.0 h1:GqA5TC/0021Y/b9FG4Oi9Mr3q7XYx6KllzawFIhcdPw=
github.com/valyala/bytebufferpool v1.0.0/go.mod h1:6bBcMArwyJ5K/AmCkWv1jt77kVWyCJ6HpOuEn7z0Csc=
golang.org/x/crypto v0.7.0 h1:AvwMYaRytfdeVt3u6mLaxYtErKYjxA2OXjJ1HHq6t3A=
golang.org/x/crypto v0.7.0/go.mod h1:pYwdfH91IfpZVANVyUOhSIPZaFoJGxTFbZhFTx+dXZU=
golang.org/x/sys v0.6.0 h1:MVltZSvRTcU2ljQOhs94SXPftV6DCNnZViHeQps87pQ=
golang.org/x/sys v0.6.0/go.mod h1:oPkhp1MJrh7nUepCBck5+mAzfO9JrbApNNgaTdGDITg=
